
Microsoft Visual Studio Solution File, Format Version 12.00
# Visual Studio Version 17
VisualStudioVersion = 17.8.34330.188
MinimumVisualStudioVersion = 10.0.40219.1
Project("{8BC9CEB8-8B4A-11D0-8D11-00A0C91BC942}") = "FinalProject", "FinalProject.vcxproj", "{978A88B0-1070-4EC0-A40F-B9958D8DF9AC}"
EndProject
Global
	GlobalSection(SolutionConfigurationPlatforms) = preSolution
		Debug|x64 = Debug|x64
		Debug|x86 = Debug|x86
		Release|x64 = Release|x64
		Release|x86 = Release|x86
	EndGlobalSection
	GlobalSection(ProjectConfigurationPlatforms) = postSolution
		{978A88B0-1070-4EC0-A40F-B9958D8DF9AC}.Debug|x64.ActiveCfg = Debug|x64
		{978A88B0-1070-4EC0-A40F-B9958D8DF9AC}.Debug|x64.Build.0 = Debug|x64
		{978A88B0-1070-4EC0-A40F-B9958D8DF9AC}.Debug|x86.ActiveCfg = Debug|Win32
		{978A88B0-1070-4EC0-A40F-B9958D8DF9AC}.Debug|x86.Build.0 = Debug|Win32
		{978A88B0-1070-4EC0-A40F-B9958D8DF9AC}.Release|x64.ActiveCfg = Release|x64
		{978A88B0-1070-4EC0-A40F-B9958D8DF9AC}.Release|x64.Build.0 = Release|x64
		{978A88B0-1070-4EC0-A40F-B9958D8DF9AC}.Release|x86.ActiveCfg = Release|Win32
		{978A88B0-1070-4EC0-A40F-B9958D8DF9AC}.Release|x86.Build.0 = Release|Win32
	EndGlobalSection
	GlobalSection(SolutionProperties) = preSolution
		HideSolutionNode = FALSE
	EndGlobalSection
	GlobalSection(ExtensibilityGlobals) = postSolution
		SolutionGuid = {DBE18A01-532F-4733-8E1A-EFA322C264B5}
	EndGlobalSection
EndGlobal
